
Microsoft Visual Studio Solution File, Format Version 12.00
# Visual Studio Version 16
VisualStudioVersion = 16.0.29613.14
MinimumVisualStudioVersion = 10.0.40219.1
Project("{FAE04EC0-301F-11D3-BF4B-00C04F79EFBC}") = "Aspire Minds", "Aspire Minds\Aspire Minds.csproj", "{97F58336-3C22-4885-9F21-EC7D31FEFE79}"
EndProject
Project("{FAE04EC0-301F-11D3-BF4B-00C04F79EFBC}") = "Aspire Minds.Tests", "Aspire Minds.Tests\Aspire Minds.Tests.csproj", "{214FB678-A619-4CD4-BE06-69F3B3B4A090}"
EndProject
Global
	GlobalSection(SolutionConfigurationPlatforms) = preSolution
		Debug|Any CPU = Debug|Any CPU
		Release|Any CPU = Release|Any CPU
	EndGlobalSection
	GlobalSection(ProjectConfigurationPlatforms) = postSolution
		{97F58336-3C22-4885-9F21-EC7D31FEFE79}.Debug|Any CPU.ActiveCfg = Debug|Any CPU
		{97F58336-3C22-4885-9F21-EC7D31FEFE79}.Debug|Any CPU.Build.0 = Debug|Any CPU
		{97F58336-3C22-4885-9F21-EC7D31FEFE79}.Release|Any CPU.ActiveCfg = Release|Any CPU
		{97F58336-3C22-4885-9F21-EC7D31FEFE79}.Release|Any CPU.Build.0 = Release|Any CPU
		{214FB678-A619-4CD4-BE06-69F3B3B4A090}.Debug|Any CPU.ActiveCfg = Debug|Any CPU
		{214FB678-A619-4CD4-BE06-69F3B3B4A090}.Debug|Any CPU.Build.0 = Debug|Any CPU
		{214FB678-A619-4CD4-BE06-69F3B3B4A090}.Release|Any CPU.ActiveCfg = Release|Any CPU
		{214FB678-A619-4CD4-BE06-69F3B3B4A090}.Release|Any CPU.Build.0 = Release|Any CPU
	EndGlobalSection
	GlobalSection(SolutionProperties) = preSolution
		HideSolutionNode = FALSE
	EndGlobalSection
	GlobalSection(ExtensibilityGlobals) = postSolution
		SolutionGuid = {93D258B2-1877-47CF-B04F-5DFBB821E49A}
	EndGlobalSection
EndGlobal
