
Microsoft Visual Studio Solution File, Format Version 12.00
# Visual Studio Version 16
VisualStudioVersion = 16.0.29613.14
MinimumVisualStudioVersion = 10.0.40219.1
Project("{FAE04EC0-301F-11D3-BF4B-00C04F79EFBC}") = "aspire1", "aspire1\aspire1.csproj", "{56ED1710-F919-4A33-9F83-0036B9FF97DA}"
EndProject
Project("{FAE04EC0-301F-11D3-BF4B-00C04F79EFBC}") = "aspire1.Tests", "aspire1.Tests\aspire1.Tests.csproj", "{390D3439-6145-4474-9CD9-013FCCD2D93D}"
EndProject
Global
	GlobalSection(SolutionConfigurationPlatforms) = preSolution
		Debug|Any CPU = Debug|Any CPU
		Release|Any CPU = Release|Any CPU
	EndGlobalSection
	GlobalSection(ProjectConfigurationPlatforms) = postSolution
		{56ED1710-F919-4A33-9F83-0036B9FF97DA}.Debug|Any CPU.ActiveCfg = Debug|Any CPU
		{56ED1710-F919-4A33-9F83-0036B9FF97DA}.Debug|Any CPU.Build.0 = Debug|Any CPU
		{56ED1710-F919-4A33-9F83-0036B9FF97DA}.Release|Any CPU.ActiveCfg = Release|Any CPU
		{56ED1710-F919-4A33-9F83-0036B9FF97DA}.Release|Any CPU.Build.0 = Release|Any CPU
		{390D3439-6145-4474-9CD9-013FCCD2D93D}.Debug|Any CPU.ActiveCfg = Debug|Any CPU
		{390D3439-6145-4474-9CD9-013FCCD2D93D}.Debug|Any CPU.Build.0 = Debug|Any CPU
		{390D3439-6145-4474-9CD9-013FCCD2D93D}.Release|Any CPU.ActiveCfg = Release|Any CPU
		{390D3439-6145-4474-9CD9-013FCCD2D93D}.Release|Any CPU.Build.0 = Release|Any CPU
	EndGlobalSection
	GlobalSection(SolutionProperties) = preSolution
		HideSolutionNode = FALSE
	EndGlobalSection
	GlobalSection(ExtensibilityGlobals) = postSolution
		SolutionGuid = {C2E3D1C5-D744-408A-B71D-43291B3F929C}
	EndGlobalSection
EndGlobal
